
Microsoft Visual Studio Solution File, Format Version 12.00
# Visual Studio 15
VisualStudioVersion = 15.0.26124.0
MinimumVisualStudioVersion = 15.0.26124.0
Project("{2150E333-8FDC-42A3-9474-1A3956D46DE8}") = "src", "src", "{A198EC6F-AED4-4466-9931-5C5C5372D9CF}"
EndProject
Project("{F2A71F9B-5D33-465A-A702-920D77279786}") = "DenryuRebalancer", "src\DenryuRebalancer\DenryuRebalancer.fsproj", "{B559D0C2-4B83-41FD-93D1-953226E59EA4}"
EndProject
Project("{2150E333-8FDC-42A3-9474-1A3956D46DE8}") = "tests", "tests", "{4601739A-013F-4C2D-8ED8-3651C327646F}"
EndProject
Project("{F2A71F9B-5D33-465A-A702-920D77279786}") = "DenryuRebalancer.Tests", "tests\DenryuRebalancer.Tests\DenryuRebalancer.Tests.fsproj", "{8AC7EFDD-539E-4B49-BCEF-BC430998DAC4}"
EndProject
Global
	GlobalSection(SolutionConfigurationPlatforms) = preSolution
		Debug|Any CPU = Debug|Any CPU
		Debug|x64 = Debug|x64
		Debug|x86 = Debug|x86
		Release|Any CPU = Release|Any CPU
		Release|x64 = Release|x64
		Release|x86 = Release|x86
	EndGlobalSection
	GlobalSection(SolutionProperties) = preSolution
		HideSolutionNode = FALSE
	EndGlobalSection
	GlobalSection(ProjectConfigurationPlatforms) = postSolution
		{B559D0C2-4B83-41FD-93D1-953226E59EA4}.Debug|Any CPU.ActiveCfg = Debug|Any CPU
		{B559D0C2-4B83-41FD-93D1-953226E59EA4}.Debug|Any CPU.Build.0 = Debug|Any CPU
		{B559D0C2-4B83-41FD-93D1-953226E59EA4}.Debug|x64.ActiveCfg = Debug|Any CPU
		{B559D0C2-4B83-41FD-93D1-953226E59EA4}.Debug|x64.Build.0 = Debug|Any CPU
		{B559D0C2-4B83-41FD-93D1-953226E59EA4}.Debug|x86.ActiveCfg = Debug|Any CPU
		{B559D0C2-4B83-41FD-93D1-953226E59EA4}.Debug|x86.Build.0 = Debug|Any CPU
		{B559D0C2-4B83-41FD-93D1-953226E59EA4}.Release|Any CPU.ActiveCfg = Release|Any CPU
		{B559D0C2-4B83-41FD-93D1-953226E59EA4}.Release|Any CPU.Build.0 = Release|Any CPU
		{B559D0C2-4B83-41FD-93D1-953226E59EA4}.Release|x64.ActiveCfg = Release|Any CPU
		{B559D0C2-4B83-41FD-93D1-953226E59EA4}.Release|x64.Build.0 = Release|Any CPU
		{B559D0C2-4B83-41FD-93D1-953226E59EA4}.Release|x86.ActiveCfg = Release|Any CPU
		{B559D0C2-4B83-41FD-93D1-953226E59EA4}.Release|x86.Build.0 = Release|Any CPU
		{8AC7EFDD-539E-4B49-BCEF-BC430998DAC4}.Debug|Any CPU.ActiveCfg = Debug|Any CPU
		{8AC7EFDD-539E-4B49-BCEF-BC430998DAC4}.Debug|Any CPU.Build.0 = Debug|Any CPU
		{8AC7EFDD-539E-4B49-BCEF-BC430998DAC4}.Debug|x64.ActiveCfg = Debug|Any CPU
		{8AC7EFDD-539E-4B49-BCEF-BC430998DAC4}.Debug|x64.Build.0 = Debug|Any CPU
		{8AC7EFDD-539E-4B49-BCEF-BC430998DAC4}.Debug|x86.ActiveCfg = Debug|Any CPU
		{8AC7EFDD-539E-4B49-BCEF-BC430998DAC4}.Debug|x86.Build.0 = Debug|Any CPU
		{8AC7EFDD-539E-4B49-BCEF-BC430998DAC4}.Release|Any CPU.ActiveCfg = Release|Any CPU
		{8AC7EFDD-539E-4B49-BCEF-BC430998DAC4}.Release|Any CPU.Build.0 = Release|Any CPU
		{8AC7EFDD-539E-4B49-BCEF-BC430998DAC4}.Release|x64.ActiveCfg = Release|Any CPU
		{8AC7EFDD-539E-4B49-BCEF-BC430998DAC4}.Release|x64.Build.0 = Release|Any CPU
		{8AC7EFDD-539E-4B49-BCEF-BC430998DAC4}.Release|x86.ActiveCfg = Release|Any CPU
		{8AC7EFDD-539E-4B49-BCEF-BC430998DAC4}.Release|x86.Build.0 = Release|Any CPU
	EndGlobalSection
	GlobalSection(NestedProjects) = preSolution
		{B559D0C2-4B83-41FD-93D1-953226E59EA4} = {A198EC6F-AED4-4466-9931-5C5C5372D9CF}
		{8AC7EFDD-539E-4B49-BCEF-BC430998DAC4} = {4601739A-013F-4C2D-8ED8-3651C327646F}
	EndGlobalSection
EndGlobal
